
Microsoft Visual Studio Solution File, Format Version 12.00
# Visual Studio Version 16
VisualStudioVersion = 16.0.30002.166
MinimumVisualStudioVersion = 10.0.40219.1
Project("{FAE04EC0-301F-11D3-BF4B-00C04F79EFBC}") = "SVTRoboticsAssesment", "SVTRoboticsAssesment\SVTRoboticsAssesment.csproj", "{DBDDD343-2923-4B57-A738-ACE4BC6BCB02}"
EndProject
Global
	GlobalSection(SolutionConfigurationPlatforms) = preSolution
		Debug|Any CPU = Debug|Any CPU
		Release|Any CPU = Release|Any CPU
	EndGlobalSection
	GlobalSection(ProjectConfigurationPlatforms) = postSolution
		{DBDDD343-2923-4B57-A738-ACE4BC6BCB02}.Debug|Any CPU.ActiveCfg = Debug|Any CPU
		{DBDDD343-2923-4B57-A738-ACE4BC6BCB02}.Debug|Any CPU.Build.0 = Debug|Any CPU
		{DBDDD343-2923-4B57-A738-ACE4BC6BCB02}.Release|Any CPU.ActiveCfg = Release|Any CPU
		{DBDDD343-2923-4B57-A738-ACE4BC6BCB02}.Release|Any CPU.Build.0 = Release|Any CPU
	EndGlobalSection
	GlobalSection(SolutionProperties) = preSolution
		HideSolutionNode = FALSE
	EndGlobalSection
	GlobalSection(ExtensibilityGlobals) = postSolution
		SolutionGuid = {8E388996-1D20-4197-8906-9618DBBD81B7}
	EndGlobalSection
EndGlobal
